
Microsoft Visual Studio Solution File, Format Version 12.00
# Visual Studio Version 16
VisualStudioVersion = 16.0.31729.503
MinimumVisualStudioVersion = 10.0.40219.1
Project("{FAE04EC0-301F-11D3-BF4B-00C04F79EFBC}") = "EstoqueFashionWebApi", "EstoqueFashionWebApi\EstoqueFashionWebApi.csproj", "{4B4EBB17-9C23-439E-877C-3521F0F268D7}"
EndProject
Global
	GlobalSection(SolutionConfigurationPlatforms) = preSolution
		Debug|Any CPU = Debug|Any CPU
		Release|Any CPU = Release|Any CPU
	EndGlobalSection
	GlobalSection(ProjectConfigurationPlatforms) = postSolution
		{4B4EBB17-9C23-439E-877C-3521F0F268D7}.Debug|Any CPU.ActiveCfg = Debug|Any CPU
		{4B4EBB17-9C23-439E-877C-3521F0F268D7}.Debug|Any CPU.Build.0 = Debug|Any CPU
		{4B4EBB17-9C23-439E-877C-3521F0F268D7}.Release|Any CPU.ActiveCfg = Release|Any CPU
		{4B4EBB17-9C23-439E-877C-3521F0F268D7}.Release|Any CPU.Build.0 = Release|Any CPU
	EndGlobalSection
	GlobalSection(SolutionProperties) = preSolution
		HideSolutionNode = FALSE
	EndGlobalSection
	GlobalSection(ExtensibilityGlobals) = postSolution
		SolutionGuid = {C63F16BE-456D-4B42-A1C2-FE5CD6205F2A}
	EndGlobalSection
EndGlobal
